// !$*UTF8*$!
{
	archiveVersion = 1;
	classes = {
	};
	objectVersion = 46;
	objects = {

/* Begin PBXBuildFile section */
		DA649F031B63CEAF008B78DE /* main.m in Sources */ = {isa = PBXBuildFile; fileRef = DA649F021B63CEAF008B78DE /* main.m */; };
		DA649F061B63CEAF008B78DE /* AppDelegate.m in Sources */ = {isa = PBXBuildFile; fileRef = DA649F051B63CEAF008B78DE /* AppDelegate.m */; };
		DA649F091B63CEAF008B78DE /* ViewController.m in Sources */ = {isa = PBXBuildFile; fileRef = DA649F081B63CEAF008B78DE /* ViewController.m */; };
		DA649F0C1B63CEAF008B78DE /* Main.storyboard in Resources */ = {isa = PBXBuildFile; fileRef = DA649F0A1B63CEAF008B78DE /* Main.storyboard */; };
		DA649F0E1B63CEAF008B78DE /* Images.xcassets in Resources */ = {isa = PBXBuildFile; fileRef = DA649F0D1B63CEAF008B78DE /* Images.xcassets */; };
		DA649F111B63CEAF008B78DE /* LaunchScreen.xib in Resources */ = {isa = PBXBuildFile; fileRef = DA649F0F1B63CEAF008B78DE /* LaunchScreen.xib */; };
		DA649F1D1B63CEAF008B78DE /* ObjC_QuestionsTests.m in Sources */ = {isa = PBXBuildFile; fileRef = DA649F1C1B63CEAF008B78DE /* ObjC_QuestionsTests.m */; };
/* End PBXBuildFile section */

/* Begin PBXContainerItemProxy section */
		DA649F171B63CEAF008B78DE /* PBXContainerItemProxy */ = {
			isa = PBXContainerItemProxy;
			containerPortal = DA649EF51B63CEAF008B78DE /* Project object */;
			proxyType = 1;
			remoteGlobalIDString = DA649EFC1B63CEAF008B78DE;
			remoteInfo = "ObjC Questions";
		};
/* End PBXContainerItemProxy section */

/* Begin PBXFileReference section */
		DA649EFD1B63CEAF008B78DE /* ObjC Questions.app */ = {isa = PBXFileReference; explicitFileType = wrapper.application; includeInIndex = 0; path = "ObjC Questions.app"; sourceTree = BUILT_PRODUCTS_DIR; };
		DA649F011B63CEAF008B78DE /* Info.plist */ = {isa = PBXFileReference; lastKnownFileType = text.plist.xml; path = Info.plist; sourceTree = "<group>"; };
		DA649F021B63CEAF008B78DE /* main.m */ = {isa = PBXFileReference; lastKnownFileType = sourcecode.c.objc; path = main.m; sourceTree = "<group>"; };
		DA649F041B63CEAF008B78DE /* AppDelegate.h */ = {isa = PBXFileReference; lastKnownFileType = sourcecode.c.h; path = AppDelegate.h; sourceTree = "<group>"; };
		DA649F051B63CEAF008B78DE /* AppDelegate.m */ = {isa = PBXFileReference; lastKnownFileType = sourcecode.c.objc; path = AppDelegate.m; sourceTree = "<group>"; };
		DA649F071B63CEAF008B78DE /* ViewController.h */ = {isa = PBXFileReference; lastKnownFileType = sourcecode.c.h; path = ViewController.h; sourceTree = "<group>"; };
		DA649F081B63CEAF008B78DE /* ViewController.m */ = {isa = PBXFileReference; lastKnownFileType = sourcecode.c.objc; path = ViewController.m; sourceTree = "<group>"; };
		DA649F0B1B63CEAF008B78DE /* Base */ = {isa = PBXFileReference; lastKnownFileType = file.storyboard; name = Base; path = Base.lproj/Main.storyboard; sourceTree = "<group>"; };
		DA649F0D1B63CEAF008B78DE /* Images.xcassets */ = {isa = PBXFileReference; lastKnownFileType = folder.assetcatalog; path = Images.xcassets; sourceTree = "<group>"; };
		DA649F101B63CEAF008B78DE /* Base */ = {isa = PBXFileReference; lastKnownFileType = file.xib; name = Base; path = Base.lproj/LaunchScreen.xib; sourceTree = "<group>"; };
		DA649F161B63CEAF008B78DE /* ObjC QuestionsTests.xctest */ = {isa = PBXFileReference; explicitFileType = wrapper.cfbundle; includeInIndex = 0; path = "ObjC QuestionsTests.xctest"; sourceTree = BUILT_PRODUCTS_DIR; };
		DA649F1B1B63CEAF008B78DE /* Info.plist */ = {isa = PBXFileReference; lastKnownFileType = text.plist.xml; path = Info.plist; sourceTree = "<group>"; };
		DA649F1C1B63CEAF008B78DE /* ObjC_QuestionsTests.m */ = {isa = PBXFileReference; lastKnownFileType = sourcecode.c.objc; path = ObjC_QuestionsTests.m; sourceTree = "<group>"; };
/* End PBXFileReference section */

/* Begin PBXFrameworksBuildPhase section */
		DA649EFA1B63CEAF008B78DE /* Frameworks */ = {
			isa = PBXFrameworksBuildPhase;
			buildActionMask = 2147483647;
			files = (
			);
			runOnlyForDeploymentPostprocessing = 0;
		};
		DA649F131B63CEAF008B78DE /* Frameworks */ = {
			isa = PBXFrameworksBuildPhase;
			buildActionMask = 2147483647;
			files = (
			);
			runOnlyForDeploymentPostprocessing = 0;
		};
/* End PBXFrameworksBuildPhase section */

/* Begin PBXGroup section */
		DA649EF41B63CEAF008B78DE = {
			isa = PBXGroup;
			children = (
				DA649EFF1B63CEAF008B78DE /* ObjC Questions */,
				DA649F191B63CEAF008B78DE /* ObjC QuestionsTests */,
				DA649EFE1B63CEAF008B78DE /* Products */,
			);
			sourceTree = "<group>";
		};
		DA649EFE1B63CEAF008B78DE /* Products */ = {
			isa = PBXGroup;
			children = (
				DA649EFD1B63CEAF008B78DE /* ObjC Questions.app */,
				DA649F161B63CEAF008B78DE /* ObjC QuestionsTests.xctest */,
			);
			name = Products;
			sourceTree = "<group>";
		};
		DA649EFF1B63CEAF008B78DE /* ObjC Questions */ = {
			isa = PBXGroup;
			children = (
				DA649F041B63CEAF008B78DE /* AppDelegate.h */,
				DA649F051B63CEAF008B78DE /* AppDelegate.m */,
				DA649F071B63CEAF008B78DE /* ViewController.h */,
				DA649F081B63CEAF008B78DE /* ViewController.m */,
				DA649F0A1B63CEAF008B78DE /* Main.storyboard */,
				DA649F0D1B63CEAF008B78DE /* Images.xcassets */,
				DA649F0F1B63CEAF008B78DE /* LaunchScreen.xib */,
				DA649F001B63CEAF008B78DE /* Supporting Files */,
			);
			path = "ObjC Questions";
			sourceTree = "<group>";
		};
		DA649F001B63CEAF008B78DE /* Supporting Files */ = {
			isa = PBXGroup;
			children = (
				DA649F011B63CEAF008B78DE /* Info.plist */,
				DA649F021B63CEAF008B78DE /* main.m */,
			);
			name = "Supporting Files";
			sourceTree = "<group>";
		};
		DA649F191B63CEAF008B78DE /* ObjC QuestionsTests */ = {
			isa = PBXGroup;
			children = (
				DA649F1C1B63CEAF008B78DE /* ObjC_QuestionsTests.m */,
				DA649F1A1B63CEAF008B78DE /* Supporting Files */,
			);
			path = "ObjC QuestionsTests";
			sourceTree = "<group>";
		};
		DA649F1A1B63CEAF008B78DE /* Supporting Files */ = {
			isa = PBXGroup;
			children = (
				DA649F1B1B63CEAF008B78DE /* Info.plist */,
			);
			name = "Supporting Files";
			sourceTree = "<group>";
		};
/* End PBXGroup section */

/* Begin PBXNativeTarget section */
		DA649EFC1B63CEAF008B78DE /* ObjC Questions */ = {
			isa = PBXNativeTarget;
			buildConfigurationList = DA649F201B63CEAF008B78DE /* Build configuration list for PBXNativeTarget "ObjC Questions" */;
			buildPhases = (
				DA649EF91B63CEAF008B78DE /* Sources */,
				DA649EFA1B63CEAF008B78DE /* Frameworks */,
				DA649EFB1B63CEAF008B78DE /* Resources */,
			);
			buildRules = (
			);
			dependencies = (
			);
			name = "ObjC Questions";
			productName = "ObjC Questions";
			productReference = DA649EFD1B63CEAF008B78DE /* ObjC Questions.app */;
			productType = "com.apple.product-type.application";
		};
		DA649F151B63CEAF008B78DE /* ObjC QuestionsTests */ = {
			isa = PBXNativeTarget;
			buildConfigurationList = DA649F231B63CEAF008B78DE /* Build configuration list for PBXNativeTarget "ObjC QuestionsTests" */;
			buildPhases = (
				DA649F121B63CEAF008B78DE /* Sources */,
				DA649F131B63CEAF008B78DE /* Frameworks */,
				DA649F141B63CEAF008B78DE /* Resources */,
			);
			buildRules = (
			);
			dependencies = (
				DA649F181B63CEAF008B78DE /* PBXTargetDependency */,
			);
			name = "ObjC QuestionsTests";
			productName = "ObjC QuestionsTests";
			productReference = DA649F161B63CEAF008B78DE /* ObjC QuestionsTests.xctest */;
			productType = "com.apple.product-type.bundle.unit-test";
		};
/* End PBXNativeTarget section */

/* Begin PBXProject section */
		DA649EF51B63CEAF008B78DE /* Project object */ = {
			isa = PBXProject;
			attributes = {
				LastUpgradeCheck = 0630;
				ORGANIZATIONNAME = JRC;
				TargetAttributes = {
					DA649EFC1B63CEAF008B78DE = {
						CreatedOnToolsVersion = 6.3.1;
					};
					DA649F151B63CEAF008B78DE = {
						CreatedOnToolsVersion = 6.3.1;
						TestTargetID = DA649EFC1B63CEAF008B78DE;
					};
				};
			};
			buildConfigurationList = DA649EF81B63CEAF008B78DE /* Build configuration list for PBXProject "ObjC Questions" */;
			compatibilityVersion = "Xcode 3.2";
			developmentRegion = English;
			hasScannedForEncodings = 0;
			knownRegions = (
				en,
				Base,
			);
			mainGroup = DA649EF41B63CEAF008B78DE;
			productRefGroup = DA649EFE1B63CEAF008B78DE /* Products */;
			projectDirPath = "";
			projectRoot = "";
			targets = (
				DA649EFC1B63CEAF008B78DE /* ObjC Questions */,
				DA649F151B63CEAF008B78DE /* ObjC QuestionsTests */,
			);
		};
/* End PBXProject section */

/* Begin PBXResourcesBuildPhase section */
		DA649EFB1B63CEAF008B78DE /* Resources */ = {
			isa = PBXResourcesBuildPhase;
			buildActionMask = 2147483647;
			files = (
				DA649F0C1B63CEAF008B78DE /* Main.storyboard in Resources */,
				DA649F111B63CEAF008B78DE /* LaunchScreen.xib in Resources */,
				DA649F0E1B63CEAF008B78DE /* Images.xcassets in Resources */,
			);
			runOnlyForDeploymentPostprocessing = 0;
		};
		DA649F141B63CEAF008B78DE /* Resources */ = {
			isa = PBXResourcesBuildPhase;
			buildActionMask = 2147483647;
			files = (
			);
			runOnlyForDeploymentPostprocessing = 0;
		};
/* End PBXResourcesBuildPhase section */

/* Begin PBXSourcesBuildPhase section */
		DA649EF91B63CEAF008B78DE /* Sources */ = {
			isa = PBXSourcesBuildPhase;
			buildActionMask = 2147483647;
			files = (
				DA649F091B63CEAF008B78DE /* ViewController.m in Sources */,
				DA649F061B63CEAF008B78DE /* AppDelegate.m in Sources */,
				DA649F031B63CEAF008B78DE /* main.m in Sources */,
			);
			runOnlyForDeploymentPostprocessing = 0;
		};
		DA649F121B63CEAF008B78DE /* Sources */ = {
			isa = PBXSourcesBuildPhase;
			buildActionMask = 2147483647;
			files = (
				DA649F1D1B63CEAF008B78DE /* ObjC_QuestionsTests.m in Sources */,
			);
			runOnlyForDeploymentPostprocessing = 0;
		};
/* End PBXSourcesBuildPhase section */

/* Begin PBXTargetDependency section */
		DA649F181B63CEAF008B78DE /* PBXTargetDependency */ = {
			isa = PBXTargetDependency;
			target = DA649EFC1B63CEAF008B78DE /* ObjC Questions */;
			targetProxy = DA649F171B63CEAF008B78DE /* PBXContainerItemProxy */;
		};
/* End PBXTargetDependency section */

/* Begin PBXVariantGroup section */
		DA649F0A1B63CEAF008B78DE /* Main.storyboard */ = {
			isa = PBXVariantGroup;
			children = (
				DA649F0B1B63CEAF008B78DE /* Base */,
			);
			name = Main.storyboard;
			sourceTree = "<group>";
		};
		DA649F0F1B63CEAF008B78DE /* LaunchScreen.xib */ = {
			isa = PBXVariantGroup;
			children = (
				DA649F101B63CEAF008B78DE /* Base */,
			);
			name = LaunchScreen.xib;
			sourceTree = "<group>";
		};
/* End PBXVariantGroup section */

/* Begin XCBuildConfiguration section */
		DA649F1E1B63CEAF008B78DE /* Debug */ = {
			isa = XCBuildConfiguration;
			buildSettings = {
				ALWAYS_SEARCH_USER_PATHS = NO;
				CLANG_CXX_LANGUAGE_STANDARD = "gnu++0x";
				CLANG_CXX_LIBRARY = "libc++";
				CLANG_ENABLE_MODULES = YES;
				CLANG_ENABLE_OBJC_ARC = YES;
				CLANG_WARN_BOOL_CONVERSION = YES;
				CLANG_WARN_CONSTANT_CONVERSION = YES;
				CLANG_WARN_DIRECT_OBJC_ISA_USAGE = YES_ERROR;
				CLANG_WARN_EMPTY_BODY = YES;
				CLANG_WARN_ENUM_CONVERSION = YES;
				CLANG_WARN_INT_CONVERSION = YES;
				CLANG_WARN_OBJC_ROOT_CLASS = YES_ERROR;
				CLANG_WARN_UNREACHABLE_CODE = YES;
				CLANG_WARN__DUPLICATE_METHOD_MATCH = YES;
				"CODE_SIGN_IDENTITY[sdk=iphoneos*]" = "iPhone Developer";
				COPY_PHASE_STRIP = NO;
				DEBUG_INFORMATION_FORMAT = "dwarf-with-dsym";
				ENABLE_STRICT_OBJC_MSGSEND = YES;
				GCC_C_LANGUAGE_STANDARD = gnu99;
				GCC_DYNAMIC_NO_PIC = NO;
				GCC_NO_COMMON_BLOCKS = YES;
				GCC_OPTIMIZATION_LEVEL = 0;
				GCC_PREPROCESSOR_DEFINITIONS = (
					"DEBUG=1",
					"$(inherited)",
				);
				GCC_SYMBOLS_PRIVATE_EXTERN = NO;
				GCC_WARN_64_TO_32_BIT_CONVERSION = YES;
				GCC_WARN_ABOUT_RETURN_TYPE = YES_ERROR;
				GCC_WARN_UNDECLARED_SELECTOR = YES;
				GCC_WARN_UNINITIALIZED_AUTOS = YES_AGGRESSIVE;
				GCC_WARN_UNUSED_FUNCTION = YES;
				GCC_WARN_UNUSED_VARIABLE = YES;
				IPHONEOS_DEPLOYMENT_TARGET = 8.3;
				MTL_ENABLE_DEBUG_INFO = YES;
				ONLY_ACTIVE_ARCH = YES;
				SDKROOT = iphoneos;
			};
			name = Debug;
		};
		DA649F1F1B63CEAF008B78DE /* Release */ = {
			isa = XCBuildConfiguration;
			buildSettings = {
				ALWAYS_SEARCH_USER_PATHS = NO;
				CLANG_CXX_LANGUAGE_STANDARD = "gnu++0x";
				CLANG_CXX_LIBRARY = "libc++";
				CLANG_ENABLE_MODULES = YES;
				CLANG_ENABLE_OBJC_ARC = YES;
				CLANG_WARN_BOOL_CONVERSION = YES;
				CLANG_WARN_CONSTANT_CONVERSION = YES;
				CLANG_WARN_DIRECT_OBJC_ISA_USAGE = YES_ERROR;
				CLANG_WARN_EMPTY_BODY = YES;
				CLANG_WARN_ENUM_CONVERSION = YES;
				CLANG_WARN_INT_CONVERSION = YES;
				CLANG_WARN_OBJC_ROOT_CLASS = YES_ERROR;
				CLANG_WARN_UNREACHABLE_CODE = YES;
				CLANG_WARN__DUPLICATE_METHOD_MATCH = YES;
				"CODE_SIGN_IDENTITY[sdk=iphoneos*]" = "iPhone Developer";
				COPY_PHASE_STRIP = NO;
				DEBUG_INFORMATION_FORMAT = "dwarf-with-dsym";
				ENABLE_NS_ASSERTIONS = NO;
				ENABLE_STRICT_OBJC_MSGSEND = YES;
				GCC_C_LANGUAGE_STANDARD = gnu99;
				GCC_NO_COMMON_BLOCKS = YES;
				GCC_WARN_64_TO_32_BIT_CONVERSION = YES;
				GCC_WARN_ABOUT_RETURN_TYPE = YES_ERROR;
				GCC_WARN_UNDECLARED_SELECTOR = YES;
				GCC_WARN_UNINITIALIZED_AUTOS = YES_AGGRESSIVE;
				GCC_WARN_UNUSED_FUNCTION = YES;
				GCC_WARN_UNUSED_VARIABLE = YES;
				IPHONEOS_DEPLOYMENT_TARGET = 8.3;
				MTL_ENABLE_DEBUG_INFO = NO;
				SDKROOT = iphoneos;
				VALIDATE_PRODUCT = YES;
			};
			name = Release;
		};
		DA649F211B63CEAF008B78DE /* Debug */ = {
			isa = XCBuildConfiguration;
			buildSettings = {
				ASSETCATALOG_COMPILER_APPICON_NAME = AppIcon;
				INFOPLIST_FILE = "ObjC Questions/Info.plist";
				LD_RUNPATH_SEARCH_PATHS = "$(inherited) @executable_path/Frameworks";
				PRODUCT_NAME = "$(TARGET_NAME)";
			};
			name = Debug;
		};
		DA649F221B63CEAF008B78DE /* Release */ = {
			isa = XCBuildConfiguration;
			buildSettings = {
				ASSETCATALOG_COMPILER_APPICON_NAME = AppIcon;
				INFOPLIST_FILE = "ObjC Questions/Info.plist";
				LD_RUNPATH_SEARCH_PATHS = "$(inherited) @executable_path/Frameworks";
				PRODUCT_NAME = "$(TARGET_NAME)";
			};
			name = Release;
		};
		DA649F241B63CEAF008B78DE /* Debug */ = {
			isa = XCBuildConfiguration;
			buildSettings = {
				BUNDLE_LOADER = "$(TEST_HOST)";
				FRAMEWORK_SEARCH_PATHS = (
					"$(SDKROOT)/Developer/Library/Frameworks",
					"$(inherited)",
				);
				GCC_PREPROCESSOR_DEFINITIONS = (
					"DEBUG=1",
					"$(inherited)",
				);
				INFOPLIST_FILE = "ObjC QuestionsTests/Info.plist";
				LD_RUNPATH_SEARCH_PATHS = "$(inherited) @executable_path/Frameworks @loader_path/Frameworks";
				PRODUCT_NAME = "$(TARGET_NAME)";
				TEST_HOST = "$(BUILT_PRODUCTS_DIR)/ObjC Questions.app/ObjC Questions";
			};
			name = Debug;
		};
		DA649F251B63CEAF008B78DE /* Release */ = {
			isa = XCBuildConfiguration;
			buildSettings = {
				BUNDLE_LOADER = "$(TEST_HOST)";
				FRAMEWORK_SEARCH_PATHS = (
					"$(SDKROOT)/Developer/Library/Frameworks",
					"$(inherited)",
				);
				INFOPLIST_FILE = "ObjC QuestionsTests/Info.plist";
				LD_RUNPATH_SEARCH_PATHS = "$(inherited) @executable_path/Frameworks @loader_path/Frameworks";
				PRODUCT_NAME = "$(TARGET_NAME)";
				TEST_HOST = "$(BUILT_PRODUCTS_DIR)/ObjC Questions.app/ObjC Questions";
			};
			name = Release;
		};
/* End XCBuildConfiguration section */

/* Begin XCConfigurationList section */
		DA649EF81B63CEAF008B78DE /* Build configuration list for PBXProject "ObjC Questions" */ = {
			isa = XCConfigurationList;
			buildConfigurations = (
				DA649F1E1B63CEAF008B78DE /* Debug */,
				DA649F1F1B63CEAF008B78DE /* Release */,
			);
			defaultConfigurationIsVisible = 0;
			defaultConfigurationName = Release;
		};
		DA649F201B63CEAF008B78DE /* Build configuration list for PBXNativeTarget "ObjC Questions" */ = {
			isa = XCConfigurationList;
			buildConfigurations = (
				DA649F211B63CEAF008B78DE /* Debug */,
				DA649F221B63CEAF008B78DE /* Release */,
			);
			defaultConfigurationIsVisible = 0;
		};
		DA649F231B63CEAF008B78DE /* Build configuration list for PBXNativeTarget "ObjC QuestionsTests" */ = {
			isa = XCConfigurationList;
			buildConfigurations = (
				DA649F241B63CEAF008B78DE /* Debug */,
				DA649F251B63CEAF008B78DE /* Release */,
			);
			defaultConfigurationIsVisible = 0;
		};
/* End XCConfigurationList section */
	};
	rootObject = DA649EF51B63CEAF008B78DE /* Project object */;
}
